
Microsoft Visual Studio Solution File, Format Version 12.00
# Visual Studio Version 17
VisualStudioVersion = 17.8.34511.84
MinimumVisualStudioVersion = 10.0.40219.1
Project("{FAE04EC0-301F-11D3-BF4B-00C04F79EFBC}") = "FileLesson.API", "FileLesson.API\FileLesson.API.csproj", "{172B4584-95A7-429B-9268-2C10F4E8BE9E}"
EndProject
Project("{FAE04EC0-301F-11D3-BF4B-00C04F79EFBC}") = "FileApiLesson.Application", "FileApiLesson.Application\FileApiLesson.Application.csproj", "{C5C045A3-509B-4F25-973E-0315C2841E09}"
EndProject
Project("{FAE04EC0-301F-11D3-BF4B-00C04F79EFBC}") = "FileAPILesson.Domain", "FileAPILesson.Domain\FileAPILesson.Domain.csproj", "{91299C17-DDC4-4C09-8C96-7130477FEC98}"
EndProject
Project("{FAE04EC0-301F-11D3-BF4B-00C04F79EFBC}") = "FileAPILesson.Infrastructure", "FileAPILesson.Infrastructure\FileAPILesson.Infrastructure.csproj", "{9D4466CB-F9AD-43CB-8344-E2D22944BC7C}"
EndProject
Global
	GlobalSection(SolutionConfigurationPlatforms) = preSolution
		Debug|Any CPU = Debug|Any CPU
		Release|Any CPU = Release|Any CPU
	EndGlobalSection
	GlobalSection(ProjectConfigurationPlatforms) = postSolution
		{172B4584-95A7-429B-9268-2C10F4E8BE9E}.Debug|Any CPU.ActiveCfg = Debug|Any CPU
		{172B4584-95A7-429B-9268-2C10F4E8BE9E}.Debug|Any CPU.Build.0 = Debug|Any CPU
		{172B4584-95A7-429B-9268-2C10F4E8BE9E}.Release|Any CPU.ActiveCfg = Release|Any CPU
		{172B4584-95A7-429B-9268-2C10F4E8BE9E}.Release|Any CPU.Build.0 = Release|Any CPU
		{C5C045A3-509B-4F25-973E-0315C2841E09}.Debug|Any CPU.ActiveCfg = Debug|Any CPU
		{C5C045A3-509B-4F25-973E-0315C2841E09}.Debug|Any CPU.Build.0 = Debug|Any CPU
		{C5C045A3-509B-4F25-973E-0315C2841E09}.Release|Any CPU.ActiveCfg = Release|Any CPU
		{C5C045A3-509B-4F25-973E-0315C2841E09}.Release|Any CPU.Build.0 = Release|Any CPU
		{91299C17-DDC4-4C09-8C96-7130477FEC98}.Debug|Any CPU.ActiveCfg = Debug|Any CPU
		{91299C17-DDC4-4C09-8C96-7130477FEC98}.Debug|Any CPU.Build.0 = Debug|Any CPU
		{91299C17-DDC4-4C09-8C96-7130477FEC98}.Release|Any CPU.ActiveCfg = Release|Any CPU
		{91299C17-DDC4-4C09-8C96-7130477FEC98}.Release|Any CPU.Build.0 = Release|Any CPU
		{9D4466CB-F9AD-43CB-8344-E2D22944BC7C}.Debug|Any CPU.ActiveCfg = Debug|Any CPU
		{9D4466CB-F9AD-43CB-8344-E2D22944BC7C}.Debug|Any CPU.Build.0 = Debug|Any CPU
		{9D4466CB-F9AD-43CB-8344-E2D22944BC7C}.Release|Any CPU.ActiveCfg = Release|Any CPU
		{9D4466CB-F9AD-43CB-8344-E2D22944BC7C}.Release|Any CPU.Build.0 = Release|Any CPU
	EndGlobalSection
	GlobalSection(SolutionProperties) = preSolution
		HideSolutionNode = FALSE
	EndGlobalSection
	GlobalSection(ExtensibilityGlobals) = postSolution
		SolutionGuid = {0A734E47-9641-477F-A0FB-6B83271AC42C}
	EndGlobalSection
EndGlobal
